<?xml version="1.0" encoding="utf-8"?>
<Project ToolsVersion="4.0" xmlns="http://schemas.microsoft.com/developer/msbuild/2003">
  <ItemGroup>
    <Filter Include="Source Files">
      <UniqueIdentifier>{921823b7-c561-45c2-b08f-641de86b8de9}</UniqueIdentifier>
      <Extensions>cpp;c;cxx;rc;def;r;odl;idl;hpj;bat</Extensions>
    </Filter>
    <Filter Include="Header Files">
      <UniqueIdentifier>{56b8a7ab-0363-416f-b84d-882adbe5926c}</UniqueIdentifier>
      <Extensions>h;hpp;hxx;hm;inl</Extensions>
    </Filter>
    <Filter Include="Resource Files">
      <UniqueIdentifier>{1631b141-3b90-4df9-b8cd-97ae578f778c}</UniqueIdentifier>
      <Extensions>ico;cur;bmp;dlg;rc2;rct;bin;rgs;gif;jpg;jpeg;jpe</Extensions>
    </Filter>
    <Filter Include="Interfaces">
      <UniqueIdentifier>{cd1222fc-d68d-426d-9a5f-ebb5bd013474}</UniqueIdentifier>
      <Extensions>ui</Extensions>
    </Filter>
  </ItemGroup>
  <ItemGroup>
    <ClCompile Include="crypt.cpp">
      <Filter>Source Files</Filter>
    </ClCompile>
    <ClCompile Include="moc_yahoocfg.cpp">
      <Filter>Source Files</Filter>
    </ClCompile>
    <ClCompile Include="moc_yahooclient.cpp">
      <Filter>Source Files</Filter>
    </ClCompile>
    <ClCompile Include="moc_yahooinfo.cpp">
      <Filter>Source Files</Filter>
    </ClCompile>
    <ClCompile Include="moc_yahoosearch.cpp">
      <Filter>Source Files</Filter>
    </ClCompile>
    <ClCompile Include="yahoo.cpp">
      <Filter>Source Files</Filter>
    </ClCompile>
    <ClCompile Include="yahooauth.cpp">
      <Filter>Source Files</Filter>
    </ClCompile>
    <ClCompile Include="yahoocfg.cpp">
      <Filter>Source Files</Filter>
    </ClCompile>
    <ClCompile Include="yahooclient.cpp">
      <Filter>Source Files</Filter>
    </ClCompile>
    <ClCompile Include="yahoofiletransfer.cpp">
      <Filter>Source Files</Filter>
    </ClCompile>
    <ClCompile Include="yahoohttp.cpp">
      <Filter>Source Files</Filter>
    </ClCompile>
    <ClCompile Include="yahooinfo.cpp">
      <Filter>Source Files</Filter>
    </ClCompile>
    <ClCompile Include="yahoosearch.cpp">
      <Filter>Source Files</Filter>
    </ClCompile>
    <ClCompile Include="yahootransformtables.c">
      <Filter>Source Files</Filter>
    </ClCompile>
    <ClCompile Include="yahoo_pch.h">
      <Filter>Header Files</Filter>
    </ClCompile>
  </ItemGroup>
  <ItemGroup>
    <ClInclude Include="ui_yahoocfgbase.h">
      <Filter>Header Files</Filter>
    </ClInclude>
    <ClInclude Include="ui_yahooinfobase.h">
      <Filter>Header Files</Filter>
    </ClInclude>
    <ClInclude Include="ui_yahoosearchbase.h">
      <Filter>Header Files</Filter>
    </ClInclude>
    <ClInclude Include="yahoo.h">
      <Filter>Header Files</Filter>
    </ClInclude>
  </ItemGroup>
  <ItemGroup>
    <ResourceCompile Include="yahoo.rc">
      <Filter>Resource Files</Filter>
    </ResourceCompile>
  </ItemGroup>
  <ItemGroup>
    <Uic Include="yahoocfgbase.ui">
      <Filter>Interfaces</Filter>
    </Uic>
    <Uic Include="yahooinfobase.ui">
      <Filter>Interfaces</Filter>
    </Uic>
    <Uic Include="yahoosearchbase.ui">
      <Filter>Interfaces</Filter>
    </Uic>
  </ItemGroup>
  <ItemGroup>
    <CustomBuild Include="yahoocfg.h">
      <Filter>Header Files</Filter>
    </CustomBuild>
    <CustomBuild Include="yahooclient.h">
      <Filter>Header Files</Filter>
    </CustomBuild>
    <CustomBuild Include="yahooinfo.h">
      <Filter>Header Files</Filter>
    </CustomBuild>
    <CustomBuild Include="yahoosearch.h">
      <Filter>Header Files</Filter>
    </CustomBuild>
  </ItemGroup>
</Project>