<?xml version="1.0" encoding="utf-8"?>
<Project ToolsVersion="4.0" xmlns="http://schemas.microsoft.com/developer/msbuild/2003">
  <ItemGroup>
    <Filter Include="Source Files">
      <UniqueIdentifier>{f93a62b4-81bc-48df-a749-03d589c2dbf2}</UniqueIdentifier>
      <Extensions>cpp;c;cxx;rc;def;r;odl;idl;hpj;bat</Extensions>
    </Filter>
    <Filter Include="Header Files">
      <UniqueIdentifier>{e138c65f-1fcd-4a98-9c66-4a95ce96b090}</UniqueIdentifier>
      <Extensions>h;hpp;hxx;hm;inl</Extensions>
    </Filter>
    <Filter Include="Resource Files">
      <UniqueIdentifier>{41b09a36-4416-4589-9157-5f0d1c54a265}</UniqueIdentifier>
      <Extensions>ico;cur;bmp;dlg;rc2;rct;bin;rgs;gif;jpg;jpeg;jpe</Extensions>
    </Filter>
    <Filter Include="Interfaces">
      <UniqueIdentifier>{6b7e3df1-78b2-40f8-ad6e-f376c1bb5ad6}</UniqueIdentifier>
      <Extensions>ui</Extensions>
    </Filter>
    <Filter Include="Copyright">
      <UniqueIdentifier>{5801e5f4-7ef5-4477-9313-078af75f6a7f}</UniqueIdentifier>
    </Filter>
  </ItemGroup>
  <ItemGroup>
    <ClCompile Include="about.cpp">
      <Filter>Source Files</Filter>
    </ClCompile>
    <ClCompile Include="aboutdlg.cpp">
      <Filter>Source Files</Filter>
    </ClCompile>
    <ClCompile Include="moc_about.cpp">
      <Filter>Source Files</Filter>
    </ClCompile>
    <ClCompile Include="moc_aboutdlg.cpp">
      <Filter>Source Files</Filter>
    </ClCompile>
  </ItemGroup>
  <ItemGroup>
    <ClInclude Include="ui_aboutdlgbase.h">
      <Filter>Header Files</Filter>
    </ClInclude>
  </ItemGroup>
  <ItemGroup>
    <ResourceCompile Include="about.rc">
      <Filter>Resource Files</Filter>
    </ResourceCompile>
  </ItemGroup>
  <ItemGroup>
    <Uic Include="aboutdlgbase.ui">
      <Filter>Interfaces</Filter>
    </Uic>
  </ItemGroup>
  <ItemGroup>
    <CustomBuild Include="about.h">
      <Filter>Header Files</Filter>
    </CustomBuild>
    <CustomBuild Include="aboutdlg.h">
      <Filter>Header Files</Filter>
    </CustomBuild>
    <CustomBuild Include="..\..\COPYING">
      <Filter>Copyright</Filter>
    </CustomBuild>
  </ItemGroup>
</Project>