<?xml version="1.0" encoding="utf-8"?>
<Project ToolsVersion="4.0" xmlns="http://schemas.microsoft.com/developer/msbuild/2003">
  <ItemGroup>
    <Filter Include="Source Files">
      <UniqueIdentifier>{4a4142e5-0327-4556-b7a4-27eff2f79cc6}</UniqueIdentifier>
      <Extensions>cpp;c;cxx;rc;def;r;odl;idl;hpj;bat</Extensions>
    </Filter>
    <Filter Include="Header Files">
      <UniqueIdentifier>{595de110-da4a-4741-85f5-eb89fada2f27}</UniqueIdentifier>
      <Extensions>h;hpp;hxx;hm;inl</Extensions>
    </Filter>
    <Filter Include="Resource Files">
      <UniqueIdentifier>{8f9be51f-062a-41b5-8d03-fd236967a0b2}</UniqueIdentifier>
      <Extensions>ico;cur;bmp;dlg;rc2;rct;bin;rgs;gif;jpg;jpeg;jpe</Extensions>
    </Filter>
    <Filter Include="Source Files\generated">
      <UniqueIdentifier>{100d8670-fde6-48dc-9cc9-371223f7a824}</UniqueIdentifier>
    </Filter>
    <Filter Include="Interfaces">
      <UniqueIdentifier>{95e44527-5862-476a-b29f-7a6167ab2366}</UniqueIdentifier>
    </Filter>
    <Filter Include="Header Files\generated">
      <UniqueIdentifier>{40ae33b9-cbe0-4d48-9ba8-ea64b10cff62}</UniqueIdentifier>
      <Extensions>ui*.h</Extensions>
    </Filter>
  </ItemGroup>
  <ItemGroup>
    <ResourceCompile Include="history.rc">
      <Filter>Resource Files</Filter>
    </ResourceCompile>
  </ItemGroup>
  <ItemGroup>
    <ClCompile Include="historyplugin.cpp">
      <Filter>Source Files</Filter>
    </ClCompile>
    <ClCompile Include="historystorage.cpp">
      <Filter>Source Files</Filter>
    </ClCompile>
    <ClCompile Include="sqlitehistorystorage.cpp">
      <Filter>Source Files</Filter>
    </ClCompile>
    <ClCompile Include="moc_historyplugin.cpp">
      <Filter>Source Files\generated</Filter>
    </ClCompile>
    <ClCompile Include="historybrowser.cpp">
      <Filter>Source Files</Filter>
    </ClCompile>
  </ItemGroup>
  <ItemGroup>
    <ClInclude Include="historystorage.h">
      <Filter>Header Files</Filter>
    </ClInclude>
    <ClInclude Include="sqlitehistorystorage.h">
      <Filter>Header Files</Filter>
    </ClInclude>
    <ClInclude Include="historybrowser.h">
      <Filter>Header Files</Filter>
    </ClInclude>
    <ClInclude Include="ui_historybrowser.h">
      <Filter>Header Files\generated</Filter>
    </ClInclude>
  </ItemGroup>
  <ItemGroup>
    <CustomBuild Include="historyplugin.h">
      <Filter>Header Files</Filter>
    </CustomBuild>
  </ItemGroup>
  <ItemGroup>
    <Uic Include="historybrowser.ui">
      <Filter>Interfaces</Filter>
    </Uic>
  </ItemGroup>
</Project>