<?xml version="1.0" encoding="utf-8"?>
<Project ToolsVersion="4.0" xmlns="http://schemas.microsoft.com/developer/msbuild/2003">
  <ItemGroup>
    <ClCompile Include="jabber_pch.h">
      <Filter>Header Files</Filter>
    </ClCompile>
    <ClCompile Include="moc_jabberclient.cpp">
      <Filter>Source Files\generated</Filter>
    </ClCompile>
    <ClCompile Include="moc_jabberstatuswidget.cpp">
      <Filter>Source Files\generated</Filter>
    </ClCompile>
    <ClCompile Include="jabber.cpp">
      <Filter>Source Files</Filter>
    </ClCompile>
    <ClCompile Include="jabberstatuswidget.cpp">
      <Filter>Source Files</Filter>
    </ClCompile>
    <ClCompile Include="jabberclient.cpp">
      <Filter>Source Files</Filter>
    </ClCompile>
    <ClCompile Include="jabbercontact.cpp">
      <Filter>Source Files</Filter>
    </ClCompile>
    <ClCompile Include="jabbergroup.cpp">
      <Filter>Source Files</Filter>
    </ClCompile>
    <ClCompile Include="jabberstatus.cpp">
      <Filter>Source Files</Filter>
    </ClCompile>
    <ClCompile Include="ui\jabberloginwidget.cpp">
      <Filter>Source Files\ui</Filter>
    </ClCompile>
    <ClCompile Include="ui\moc_jabberloginwidget.cpp">
      <Filter>Source Files\generated</Filter>
    </ClCompile>
    <ClCompile Include="protocol\inputstreamdispatcher.cpp">
      <Filter>Source Files\protocol</Filter>
    </ClCompile>
    <ClCompile Include="protocol\iqcontroller.cpp">
      <Filter>Source Files\protocol</Filter>
    </ClCompile>
    <ClCompile Include="protocol\iqrequest.cpp">
      <Filter>Source Files\protocol</Filter>
    </ClCompile>
    <ClCompile Include="protocol\jabberauthenticationcontroller.cpp">
      <Filter>Source Files\protocol</Filter>
    </ClCompile>
    <ClCompile Include="protocol\taghandler.cpp">
      <Filter>Source Files\protocol</Filter>
    </ClCompile>
    <ClCompile Include="network\standardjabbersocket.cpp">
      <Filter>Source Files\network</Filter>
    </ClCompile>
    <ClCompile Include="network\moc_jabbersocket.cpp">
      <Filter>Source Files\generated</Filter>
    </ClCompile>
    <ClCompile Include="network\moc_standardjabbersocket.cpp">
      <Filter>Source Files\generated</Filter>
    </ClCompile>
    <ClCompile Include="protocol\moc_inputstreamdispatcher.cpp">
      <Filter>Source Files\generated</Filter>
    </ClCompile>
    <ClCompile Include="protocol\moc_iqcontroller.cpp">
      <Filter>Source Files\generated</Filter>
    </ClCompile>
    <ClCompile Include="protocol\moc_iqrequest.cpp">
      <Filter>Source Files\generated</Filter>
    </ClCompile>
    <ClCompile Include="protocol\moc_jabberauthenticationcontroller.cpp">
      <Filter>Source Files\generated</Filter>
    </ClCompile>
    <ClCompile Include="protocol\moc_taghandler.cpp">
      <Filter>Source Files\generated</Filter>
    </ClCompile>
    <ClCompile Include="protocol\xmlelement.cpp">
      <Filter>Source Files\protocol</Filter>
    </ClCompile>
    <ClCompile Include="protocol\moc_xmlelement.cpp">
      <Filter>Header Files\generated</Filter>
    </ClCompile>
  </ItemGroup>
  <ItemGroup>
    <ClInclude Include="jabber.h">
      <Filter>Header Files</Filter>
    </ClInclude>
    <ClInclude Include="jabber_api.h">
      <Filter>Header Files</Filter>
    </ClInclude>
    <ClInclude Include="jabbercontact.h">
      <Filter>Header Files</Filter>
    </ClInclude>
    <ClInclude Include="jabbergroup.h">
      <Filter>Header Files</Filter>
    </ClInclude>
    <ClInclude Include="ui_discoinfobase.h">
      <Filter>Header Files\generated</Filter>
    </ClInclude>
    <ClInclude Include="ui_jidsearchbase.h">
      <Filter>Header Files\generated</Filter>
    </ClInclude>
    <ClInclude Include="ui_infoproxybase.h">
      <Filter>Header Files\generated</Filter>
    </ClInclude>
    <ClInclude Include="ui_jabberaboutinfobase.h">
      <Filter>Header Files\generated</Filter>
    </ClInclude>
    <ClInclude Include="ui_jabberaddbase.h">
      <Filter>Header Files\generated</Filter>
    </ClInclude>
    <ClInclude Include="ui_jabberconfigbase.h">
      <Filter>Header Files\generated</Filter>
    </ClInclude>
    <ClInclude Include="ui_jabberhomeinfobase.h">
      <Filter>Header Files\generated</Filter>
    </ClInclude>
    <ClInclude Include="ui_jabberinfobase.h">
      <Filter>Header Files\generated</Filter>
    </ClInclude>
    <ClInclude Include="ui_jabberpicturebase.h">
      <Filter>Header Files\generated</Filter>
    </ClInclude>
    <ClInclude Include="ui_jabberworkinfobase.h">
      <Filter>Header Files\generated</Filter>
    </ClInclude>
    <ClInclude Include="ui_jidadvsearchbase.h">
      <Filter>Header Files\generated</Filter>
    </ClInclude>
    <ClInclude Include="protocol\stanzas\xmlstanza.h">
      <Filter>Header Files\protocol\stanzas</Filter>
    </ClInclude>
  </ItemGroup>
  <ItemGroup>
    <CustomBuild Include="jabberclient.h">
      <Filter>Header Files</Filter>
    </CustomBuild>
    <CustomBuild Include="jabberstatus.h">
      <Filter>Header Files</Filter>
    </CustomBuild>
    <CustomBuild Include="jabberstatuswidget.h">
      <Filter>Header Files</Filter>
    </CustomBuild>
    <CustomBuild Include="ui\jabberloginwidget.h">
      <Filter>Header Files\ui</Filter>
    </CustomBuild>
    <CustomBuild Include="network\jabbersocket.h">
      <Filter>Header Files\network</Filter>
    </CustomBuild>
    <CustomBuild Include="network\standardjabbersocket.h">
      <Filter>Header Files\network</Filter>
    </CustomBuild>
    <CustomBuild Include="protocol\jabberauthenticationcontroller.h">
      <Filter>Header Files\protocol</Filter>
    </CustomBuild>
    <CustomBuild Include="protocol\iqrequest.h">
      <Filter>Header Files\protocol</Filter>
    </CustomBuild>
    <CustomBuild Include="protocol\iqcontroller.h">
      <Filter>Header Files\protocol</Filter>
    </CustomBuild>
    <CustomBuild Include="protocol\taghandler.h">
      <Filter>Header Files\protocol</Filter>
    </CustomBuild>
    <CustomBuild Include="protocol\inputstreamdispatcher.h">
      <Filter>Header Files\protocol</Filter>
    </CustomBuild>
    <CustomBuild Include="protocol\xmlelement.h">
      <Filter>Header Files\protocol</Filter>
    </CustomBuild>
  </ItemGroup>
  <ItemGroup>
    <Uic Include="discoinfobase.ui">
      <Filter>Interfaces</Filter>
    </Uic>
    <Uic Include="infoproxybase.ui">
      <Filter>Interfaces</Filter>
    </Uic>
    <Uic Include="jabberaboutinfobase.ui">
      <Filter>Interfaces</Filter>
    </Uic>
    <Uic Include="jabberconfigbase.ui">
      <Filter>Interfaces</Filter>
    </Uic>
    <Uic Include="jabberhomeinfobase.ui">
      <Filter>Interfaces</Filter>
    </Uic>
    <Uic Include="jabberworkinfobase.ui">
      <Filter>Interfaces</Filter>
    </Uic>
    <Uic Include="jidadvsearchbase.ui">
      <Filter>Interfaces</Filter>
    </Uic>
    <Uic Include="jidsearchbase.ui">
      <Filter>Interfaces</Filter>
    </Uic>
    <Uic Include="jabberpicturebase.ui">
      <Filter>Interfaces</Filter>
    </Uic>
    <Uic Include="jabberinfobase.ui">
      <Filter>Interfaces</Filter>
    </Uic>
    <Uic Include="jabberaddbase.ui">
      <Filter>Interfaces</Filter>
    </Uic>
    <Uic Include="ui\jabberloginwidget.ui">
      <Filter>Interfaces</Filter>
    </Uic>
  </ItemGroup>
  <ItemGroup>
    <Filter Include="Header Files">
      <UniqueIdentifier>{3f95c2d1-71d4-4b8c-8b29-d7240ca3d60b}</UniqueIdentifier>
      <Extensions>h;hpp;hxx;hm;inl</Extensions>
    </Filter>
    <Filter Include="Header Files\generated">
      <UniqueIdentifier>{92f63252-ed7e-47e7-ae56-453010e4768d}</UniqueIdentifier>
    </Filter>
    <Filter Include="Interfaces">
      <UniqueIdentifier>{2b1e8342-2960-47ea-9723-5d8e374e3d11}</UniqueIdentifier>
      <Extensions>ui</Extensions>
    </Filter>
    <Filter Include="Source Files">
      <UniqueIdentifier>{4b187071-4ff6-414b-a7f7-38e222ca8626}</UniqueIdentifier>
      <Extensions>cpp;c;cxx;rc;def;r;odl;idl;hpj;bat</Extensions>
    </Filter>
    <Filter Include="Source Files\generated">
      <UniqueIdentifier>{7b072ca6-2907-4980-a798-55f0b7d9934b}</UniqueIdentifier>
    </Filter>
    <Filter Include="Resource Files">
      <UniqueIdentifier>{72a9333f-c295-4331-8921-495ffea46e03}</UniqueIdentifier>
    </Filter>
    <Filter Include="Source Files\ui">
      <UniqueIdentifier>{07f43dc2-ca19-425a-8db7-35d0fa853b01}</UniqueIdentifier>
    </Filter>
    <Filter Include="Header Files\ui">
      <UniqueIdentifier>{d64bb00f-89c5-4dc8-bb92-d4607136986a}</UniqueIdentifier>
    </Filter>
    <Filter Include="Source Files\network">
      <UniqueIdentifier>{f21b4c48-4516-46d6-a275-d1c2c3baab9e}</UniqueIdentifier>
    </Filter>
    <Filter Include="Source Files\protocol">
      <UniqueIdentifier>{4ad40418-8d83-426a-833c-91b0c6ab016e}</UniqueIdentifier>
    </Filter>
    <Filter Include="Header Files\network">
      <UniqueIdentifier>{d9800ef6-90da-4b70-a090-21fba6abe58a}</UniqueIdentifier>
    </Filter>
    <Filter Include="Header Files\protocol">
      <UniqueIdentifier>{46640b1e-7fd9-423e-8921-d8002606f9b6}</UniqueIdentifier>
    </Filter>
    <Filter Include="Header Files\protocol\stanzas">
      <UniqueIdentifier>{fe76db41-2577-48ce-ac40-76c8bb2889ff}</UniqueIdentifier>
    </Filter>
  </ItemGroup>
  <ItemGroup>
    <ResourceCompile Include="jabber.rc">
      <Filter>Resource Files</Filter>
    </ResourceCompile>
  </ItemGroup>
</Project>