<?xml version="1.0" encoding="utf-8"?>
<Project ToolsVersion="4.0" xmlns="http://schemas.microsoft.com/developer/msbuild/2003">
  <ItemGroup>
    <ClCompile Include="..\plugins\_core\tests\gtest-qt.cpp">
      <Filter>Source Files</Filter>
    </ClCompile>
    <ClCompile Include="..\sim\tests\spies\widgetcollectioneventreceiver.cpp">
      <Filter>Source Files</Filter>
    </ClCompile>
    <ClCompile Include="..\plugins\_core\userconfig\moc_usercfg.cpp">
      <Filter>Source Files</Filter>
    </ClCompile>
    <ClCompile Include="..\sim\tests\spies\moc_widgetcollectioneventreceiver.cpp">
      <Filter>Source Files</Filter>
    </ClCompile>
    <ClCompile Include="..\plugins\_core\tests\test.cpp">
      <Filter>Source Files</Filter>
    </ClCompile>
    <ClCompile Include="..\plugins\_core\tests\testcommonstatus.cpp">
      <Filter>Source Files</Filter>
    </ClCompile>
    <ClCompile Include="..\plugins\_core\tests\testcontainercontroller.cpp">
      <Filter>Source Files</Filter>
    </ClCompile>
    <ClCompile Include="..\plugins\_core\tests\testcontainermanager.cpp">
      <Filter>Source Files</Filter>
    </ClCompile>
    <ClCompile Include="..\plugins\_core\tests\testcoreplugin.cpp">
      <Filter>Source Files</Filter>
    </ClCompile>
    <ClCompile Include="..\plugins\_core\tests\testgenericmessageeditor.cpp">
      <Filter>Source Files</Filter>
    </ClCompile>
    <ClCompile Include="..\plugins\_core\tests\testreceivemessageprocessor.cpp">
      <Filter>Source Files</Filter>
    </ClCompile>
    <ClCompile Include="..\plugins\_core\tests\testsendmessageprocessor.cpp">
      <Filter>Source Files</Filter>
    </ClCompile>
    <ClCompile Include="..\plugins\_core\tests\testuserconfigcontext.cpp">
      <Filter>Source Files</Filter>
    </ClCompile>
    <ClCompile Include="..\plugins\_core\tests\testuserconfigcontroller.cpp">
      <Filter>Source Files</Filter>
    </ClCompile>
    <ClCompile Include="..\plugins\_core\tests\testuserviewmodel.cpp">
      <Filter>Source Files</Filter>
    </ClCompile>
  </ItemGroup>
  <ItemGroup>
    <ClInclude Include="..\plugins\_core\tests\gtest-qt.h">
      <Filter>Header Files</Filter>
    </ClInclude>
    <ClInclude Include="..\plugins\_core\tests\mocks\mockcontainercontroller.h">
      <Filter>Header Files</Filter>
    </ClInclude>
    <ClInclude Include="..\plugins\_core\tests\mocks\mockcontainermanager.h">
      <Filter>Header Files</Filter>
    </ClInclude>
    <ClInclude Include="..\plugins\_core\tests\mocks\mockuserconfigview.h">
      <Filter>Header Files</Filter>
    </ClInclude>
    <ClInclude Include="..\plugins\_core\tests\mocks\mockuserwnd.h">
      <Filter>Header Files</Filter>
    </ClInclude>
    <ClInclude Include="..\plugins\_core\tests\mocks\mockuserwndcontroller.h">
      <Filter>Header Files</Filter>
    </ClInclude>
    <ClInclude Include="..\plugins\_core\tests\test.h">
      <Filter>Header Files</Filter>
    </ClInclude>
    <ClInclude Include="..\sim\tests\spies\widgetcollectioneventreceiver.h">
      <Filter>Header Files</Filter>
    </ClInclude>
  </ItemGroup>
  <ItemGroup>
    <Filter Include="Header Files">
      <UniqueIdentifier>{7b20f757-4866-4547-a9cd-660823a358d3}</UniqueIdentifier>
    </Filter>
    <Filter Include="Source Files">
      <UniqueIdentifier>{c27d9a4e-8892-4b89-a2cd-b995b0bb31ae}</UniqueIdentifier>
    </Filter>
  </ItemGroup>
</Project>