<?xml version="1.0" encoding="utf-8"?>
<Project ToolsVersion="4.0" xmlns="http://schemas.microsoft.com/developer/msbuild/2003">
  <ItemGroup>
    <ClCompile Include="..\plugins\icq\tests\moc_signalspy.cpp">
      <Filter>Source Files</Filter>
    </ClCompile>
    <ClCompile Include="..\plugins\icq\tests\testworkinfo.cpp">
      <Filter>Source Files</Filter>
    </ClCompile>
    <ClCompile Include="..\plugins\icq\tests\moc_testoscarsocket.cpp">
      <Filter>Source Files</Filter>
    </ClCompile>
    <ClCompile Include="..\plugins\icq\tests\qt-gtest.cpp">
      <Filter>Source Files</Filter>
    </ClCompile>
    <ClCompile Include="..\plugins\icq\tests\signalspy.cpp">
      <Filter>Source Files</Filter>
    </ClCompile>
    <ClCompile Include="..\plugins\icq\tests\test.cpp">
      <Filter>Source Files</Filter>
    </ClCompile>
    <ClCompile Include="..\plugins\icq\tests\testauthorizationsnachandler.cpp">
      <Filter>Source Files</Filter>
    </ClCompile>
    <ClCompile Include="..\plugins\icq\tests\testbartsnachandler.cpp">
      <Filter>Source Files</Filter>
    </ClCompile>
    <ClCompile Include="..\plugins\icq\tests\testbuddysnachandler.cpp">
      <Filter>Source Files</Filter>
    </ClCompile>
    <ClCompile Include="..\plugins\icq\tests\testbytearraybuilder.cpp">
      <Filter>Source Files</Filter>
    </ClCompile>
    <ClCompile Include="..\plugins\icq\tests\testbytearrayparser.cpp">
      <Filter>Source Files</Filter>
    </ClCompile>
    <ClCompile Include="..\plugins\icq\tests\testhomeinfo.cpp">
      <Filter>Source Files</Filter>
    </ClCompile>
    <ClCompile Include="..\plugins\icq\tests\testicbmsnachandler.cpp">
      <Filter>Source Files</Filter>
    </ClCompile>
    <ClCompile Include="..\plugins\icq\tests\testicqclient.cpp">
      <Filter>Source Files</Filter>
    </ClCompile>
    <ClCompile Include="..\plugins\icq\tests\testicqconfigwidgetcreator.cpp">
      <Filter>Source Files</Filter>
    </ClCompile>
    <ClCompile Include="..\plugins\icq\tests\testicqcontact.cpp">
      <Filter>Source Files</Filter>
    </ClCompile>
    <ClCompile Include="..\plugins\icq\tests\testicqgroup.cpp">
      <Filter>Source Files</Filter>
    </ClCompile>
    <ClCompile Include="..\plugins\icq\tests\testicqinfo.cpp">
      <Filter>Source Files</Filter>
    </ClCompile>
    <ClCompile Include="..\plugins\icq\tests\testicqmessageeditorfactory.cpp">
      <Filter>Source Files</Filter>
    </ClCompile>
    <ClCompile Include="..\plugins\icq\tests\testicqstatus.cpp">
      <Filter>Source Files</Filter>
    </ClCompile>
    <ClCompile Include="..\plugins\icq\tests\testicqstatusconverter.cpp">
      <Filter>Source Files</Filter>
    </ClCompile>
    <ClCompile Include="..\plugins\icq\tests\testicqstatuswidget.cpp">
      <Filter>Source Files</Filter>
    </ClCompile>
    <ClCompile Include="..\plugins\icq\tests\testinterestsinfo.cpp">
      <Filter>Source Files</Filter>
    </ClCompile>
    <ClCompile Include="..\plugins\icq\tests\testlocationsnachandler.cpp">
      <Filter>Source Files</Filter>
    </ClCompile>
    <ClCompile Include="..\plugins\icq\tests\testloginsequencestep2.cpp">
      <Filter>Source Files</Filter>
    </ClCompile>
    <ClCompile Include="..\plugins\icq\tests\testmetainfosnachandler.cpp">
      <Filter>Source Files</Filter>
    </ClCompile>
    <ClCompile Include="..\plugins\icq\tests\testmoreinfo.cpp">
      <Filter>Source Files</Filter>
    </ClCompile>
    <ClCompile Include="..\plugins\icq\tests\testoscarsocket.cpp">
      <Filter>Source Files</Filter>
    </ClCompile>
    <ClCompile Include="..\plugins\icq\tests\testpastinfo.cpp">
      <Filter>Source Files</Filter>
    </ClCompile>
    <ClCompile Include="..\plugins\icq\tests\testprivacysnachandler.cpp">
      <Filter>Source Files</Filter>
    </ClCompile>
    <ClCompile Include="..\plugins\icq\tests\testservicesnachandler.cpp">
      <Filter>Source Files</Filter>
    </ClCompile>
    <ClCompile Include="..\plugins\icq\tests\testssisnachandler.cpp">
      <Filter>Source Files</Filter>
    </ClCompile>
    <ClCompile Include="..\plugins\icq\tests\teststandardicqrequestmanager.cpp">
      <Filter>Source Files</Filter>
    </ClCompile>
    <ClCompile Include="..\plugins\icq\tests\testtlv.cpp">
      <Filter>Source Files</Filter>
    </ClCompile>
    <ClCompile Include="..\plugins\icq\tests\testtlvlist.cpp">
      <Filter>Source Files</Filter>
    </ClCompile>
  </ItemGroup>
  <ItemGroup>
    <ClInclude Include="..\plugins\icq\tests\mocks\mockicqrequest.h">
      <Filter>Header Files</Filter>
    </ClInclude>
    <ClInclude Include="..\plugins\icq\tests\qt-gtest.h">
      <Filter>Header Files</Filter>
    </ClInclude>
    <ClInclude Include="..\plugins\icq\tests\mocks\mockicqrequestmanager.h">
      <Filter>Header Files</Filter>
    </ClInclude>
    <ClInclude Include="..\plugins\icq\tests\mocks\mockoscarsocket.h">
      <Filter>Header Files</Filter>
    </ClInclude>
    <ClInclude Include="..\plugins\icq\tests\testauthorizationsnachandler.h">
      <Filter>Header Files</Filter>
    </ClInclude>
    <ClInclude Include="..\plugins\icq\tests\testicqclient.h">
      <Filter>Header Files</Filter>
    </ClInclude>
  </ItemGroup>
  <ItemGroup>
    <CustomBuild Include="..\plugins\icq\tests\signalspy.h">
      <Filter>Header Files</Filter>
    </CustomBuild>
    <CustomBuild Include="..\plugins\icq\tests\testoscarsocket.h">
      <Filter>Header Files</Filter>
    </CustomBuild>
  </ItemGroup>
  <ItemGroup>
    <Filter Include="Header Files">
      <UniqueIdentifier>{12c0bf81-f9db-4a15-ac91-a9f759541fbe}</UniqueIdentifier>
    </Filter>
    <Filter Include="Source Files">
      <UniqueIdentifier>{3fe97399-4358-45e0-b7b9-734b8eb6dcb6}</UniqueIdentifier>
    </Filter>
  </ItemGroup>
</Project>