<?xml version="1.0" encoding="utf-8"?>
<Project ToolsVersion="4.0" xmlns="http://schemas.microsoft.com/developer/msbuild/2003">
  <ItemGroup>
    <ClCompile Include="..\sim\tests\gtest-qt.cpp">
      <Filter>Source Files</Filter>
    </ClCompile>
    <ClCompile Include="..\sim\tests\spies\widgetcollectioneventreceiver.cpp">
      <Filter>Source Files</Filter>
    </ClCompile>
    <ClCompile Include="..\sim\tests\moc_testuicommand.cpp">
      <Filter>Source Files</Filter>
    </ClCompile>
    <ClCompile Include="..\sim\tests\spies\moc_widgetcollectioneventreceiver.cpp">
      <Filter>Source Files</Filter>
    </ClCompile>
    <ClCompile Include="..\sim\tests\test.cpp">
      <Filter>Source Files</Filter>
    </ClCompile>
    <ClCompile Include="..\sim\tests\testbuffer.cpp">
      <Filter>Source Files</Filter>
    </ClCompile>
    <ClCompile Include="..\sim\tests\testclientmanager.cpp">
      <Filter>Source Files</Filter>
    </ClCompile>
    <ClCompile Include="..\sim\tests\testcontact.cpp">
      <Filter>Source Files</Filter>
    </ClCompile>
    <ClCompile Include="..\sim\tests\testgroup.cpp">
      <Filter>Source Files</Filter>
    </ClCompile>
    <ClCompile Include="..\sim\tests\testimcontactid.cpp">
      <Filter>Source Files</Filter>
    </ClCompile>
    <ClCompile Include="..\sim\tests\testmessagepipe.cpp">
      <Filter>Source Files</Filter>
    </ClCompile>
    <ClCompile Include="..\sim\tests\teststandardavatarstorage.cpp">
      <Filter>Source Files</Filter>
    </ClCompile>
    <ClCompile Include="..\sim\tests\teststandardcontactlist.cpp">
      <Filter>Source Files</Filter>
    </ClCompile>
    <ClCompile Include="..\sim\tests\teststandardmessageoutpipe.cpp">
      <Filter>Source Files</Filter>
    </ClCompile>
    <ClCompile Include="..\sim\tests\teststandardprofilemanager.cpp">
      <Filter>Source Files</Filter>
    </ClCompile>
    <ClCompile Include="..\sim\tests\testwidgetcollectionevent.cpp">
      <Filter>Source Files</Filter>
    </ClCompile>
  </ItemGroup>
  <ItemGroup>
    <ClInclude Include="..\sim\tests\gtest-qt.h">
      <Filter>Header Files</Filter>
    </ClInclude>
    <ClInclude Include="..\sim\tests\matchers\messagematchers.h">
      <Filter>Header Files</Filter>
    </ClInclude>
    <ClInclude Include="..\sim\tests\mocks\mockasyncsocket.h">
      <Filter>Header Files</Filter>
    </ClInclude>
    <ClInclude Include="..\sim\tests\mocks\mockavatarstorage.h">
      <Filter>Header Files</Filter>
    </ClInclude>
    <ClInclude Include="..\sim\tests\mocks\mockclient.h">
      <Filter>Header Files</Filter>
    </ClInclude>
    <ClInclude Include="..\sim\tests\mocks\mockcontactlist.h">
      <Filter>Header Files</Filter>
    </ClInclude>
    <ClInclude Include="..\sim\tests\mocks\mockimagestorage.h">
      <Filter>Header Files</Filter>
    </ClInclude>
    <ClInclude Include="..\sim\tests\mocks\mockimcontact.h">
      <Filter>Header Files</Filter>
    </ClInclude>
    <ClInclude Include="..\sim\tests\mocks\mockmessage.h">
      <Filter>Header Files</Filter>
    </ClInclude>
    <ClInclude Include="..\sim\tests\mocks\mockmessageoutpipe.h">
      <Filter>Header Files</Filter>
    </ClInclude>
    <ClInclude Include="..\sim\tests\mocks\mockmessagepipe.h">
      <Filter>Header Files</Filter>
    </ClInclude>
    <ClInclude Include="..\sim\tests\mocks\mockmessageprocessor.h">
      <Filter>Header Files</Filter>
    </ClInclude>
    <ClInclude Include="..\sim\tests\mockprotocol.h">
      <Filter>Header Files</Filter>
    </ClInclude>
    <ClInclude Include="..\sim\tests\stubs\stubclient.h">
      <Filter>Header Files</Filter>
    </ClInclude>
    <ClInclude Include="..\sim\tests\stubs\stubimagestorage.h">
      <Filter>Header Files</Filter>
    </ClInclude>
    <ClInclude Include="..\sim\tests\stubs\stubimcontact.h">
      <Filter>Header Files</Filter>
    </ClInclude>
    <ClInclude Include="..\sim\tests\stubs\stubimgroup.h">
      <Filter>Header Files</Filter>
    </ClInclude>
    <ClInclude Include="..\sim\tests\stubs\stubmessage.h">
      <Filter>Header Files</Filter>
    </ClInclude>
    <ClInclude Include="..\sim\tests\teststandardmessageoutpipe.h">
      <Filter>Header Files</Filter>
    </ClInclude>
    <ClInclude Include="..\sim\tests\testwidgetcollectionevent.h">
      <Filter>Header Files</Filter>
    </ClInclude>
  </ItemGroup>
  <ItemGroup>
    <CustomBuild Include="..\sim\tests\testuicommand.h">
      <Filter>Header Files</Filter>
    </CustomBuild>
    <CustomBuild Include="..\sim\tests\spies\widgetcollectioneventreceiver.h">
      <Filter>Header Files</Filter>
    </CustomBuild>
  </ItemGroup>
  <ItemGroup>
    <Filter Include="Header Files">
      <UniqueIdentifier>{f4ae1079-9a97-4cea-88ef-6f71b95d6bdc}</UniqueIdentifier>
    </Filter>
    <Filter Include="Source Files">
      <UniqueIdentifier>{d36f3da6-c3d7-4ef4-a991-f3058e72a71a}</UniqueIdentifier>
    </Filter>
  </ItemGroup>
</Project>