<?xml version="1.0" encoding="utf-8"?>
<Project ToolsVersion="4.0" xmlns="http://schemas.microsoft.com/developer/msbuild/2003">
  <ItemGroup>
    <Filter Include="Source Files">
      <UniqueIdentifier>{b6bc8052-881f-4c87-aaa9-ab945ba13912}</UniqueIdentifier>
      <Extensions>cpp;c;cxx;rc;def;r;odl;idl;hpj;bat</Extensions>
    </Filter>
    <Filter Include="Header Files">
      <UniqueIdentifier>{f4ee51d8-6f21-4c6d-b474-a901d0c5e471}</UniqueIdentifier>
      <Extensions>h;hpp;hxx;hm;inl</Extensions>
    </Filter>
    <Filter Include="Resource Files">
      <UniqueIdentifier>{28e4ec84-4b95-44b6-b42d-a26cf26fdf9e}</UniqueIdentifier>
      <Extensions>ico;cur;bmp;dlg;rc2;rct;bin;rgs;gif;jpg;jpeg;jpe</Extensions>
    </Filter>
    <Filter Include="Interfaces">
      <UniqueIdentifier>{868fe1ed-f291-496d-bfd9-73636a0e5f3f}</UniqueIdentifier>
      <Extensions>ui</Extensions>
    </Filter>
  </ItemGroup>
  <ItemGroup>
    <ClCompile Include="dock.cpp">
      <Filter>Source Files</Filter>
    </ClCompile>
    <ClCompile Include="dockcfg.cpp">
      <Filter>Source Files</Filter>
    </ClCompile>
    <ClCompile Include="dockwnd.cpp">
      <Filter>Source Files</Filter>
    </ClCompile>
    <ClCompile Include="moc_dock.cpp">
      <Filter>Source Files</Filter>
    </ClCompile>
    <ClCompile Include="moc_dockcfg.cpp">
      <Filter>Source Files</Filter>
    </ClCompile>
    <ClCompile Include="moc_dockwnd.cpp">
      <Filter>Source Files</Filter>
    </ClCompile>
  </ItemGroup>
  <ItemGroup>
    <ClInclude Include="ui_dockcfgbase.h">
      <Filter>Header Files</Filter>
    </ClInclude>
  </ItemGroup>
  <ItemGroup>
    <ResourceCompile Include="dock.rc">
      <Filter>Resource Files</Filter>
    </ResourceCompile>
  </ItemGroup>
  <ItemGroup>
    <Uic Include="dockcfgbase.ui">
      <Filter>Interfaces</Filter>
    </Uic>
  </ItemGroup>
  <ItemGroup>
    <CustomBuild Include="dock.h">
      <Filter>Header Files</Filter>
    </CustomBuild>
    <CustomBuild Include="dockcfg.h">
      <Filter>Header Files</Filter>
    </CustomBuild>
    <CustomBuild Include="dockwnd.h">
      <Filter>Header Files</Filter>
    </CustomBuild>
  </ItemGroup>
</Project>