<?xml version="1.0" encoding="utf-8"?>
<Project ToolsVersion="4.0" xmlns="http://schemas.microsoft.com/developer/msbuild/2003">
  <ItemGroup>
    <Filter Include="Source Files">
      <UniqueIdentifier>{27372a4f-c80c-41f0-aa56-b94beae634a2}</UniqueIdentifier>
      <Extensions>cpp;c;cxx;rc;def;r;odl;idl;hpj;bat</Extensions>
    </Filter>
    <Filter Include="Header Files">
      <UniqueIdentifier>{561cdbb8-72b7-49b1-89bd-18b37414a00c}</UniqueIdentifier>
      <Extensions>h;hpp;hxx;hm;inl</Extensions>
    </Filter>
    <Filter Include="Resource Files">
      <UniqueIdentifier>{a38014d3-1b8c-4eb4-aeac-845fff043538}</UniqueIdentifier>
      <Extensions>ico;cur;bmp;dlg;rc2;rct;bin;rgs;gif;jpg;jpeg;jpe</Extensions>
    </Filter>
    <Filter Include="Interfaces">
      <UniqueIdentifier>{9d10570a-9a8d-4e44-b0da-a6663d776c79}</UniqueIdentifier>
      <Extensions>ui</Extensions>
    </Filter>
  </ItemGroup>
  <ItemGroup>
    <ClCompile Include="filter.cpp">
      <Filter>Source Files</Filter>
    </ClCompile>
    <ClCompile Include="filtercfg.cpp">
      <Filter>Source Files</Filter>
    </ClCompile>
    <ClCompile Include="ignorelist.cpp">
      <Filter>Source Files</Filter>
    </ClCompile>
    <ClCompile Include="moc_filter.cpp">
      <Filter>Source Files</Filter>
    </ClCompile>
    <ClCompile Include="moc_filtercfg.cpp">
      <Filter>Source Files</Filter>
    </ClCompile>
    <ClCompile Include="moc_ignorelist.cpp">
      <Filter>Source Files</Filter>
    </ClCompile>
  </ItemGroup>
  <ItemGroup>
    <ClInclude Include="ui_filtercfgbase.h">
      <Filter>Header Files</Filter>
    </ClInclude>
    <ClInclude Include="ui_ignorelistbase.h">
      <Filter>Header Files</Filter>
    </ClInclude>
  </ItemGroup>
  <ItemGroup>
    <ResourceCompile Include="filter.rc">
      <Filter>Resource Files</Filter>
    </ResourceCompile>
  </ItemGroup>
  <ItemGroup>
    <Uic Include="filtercfgbase.ui">
      <Filter>Interfaces</Filter>
    </Uic>
    <Uic Include="ignorelistbase.ui">
      <Filter>Interfaces</Filter>
    </Uic>
  </ItemGroup>
  <ItemGroup>
    <CustomBuild Include="filter.h">
      <Filter>Header Files</Filter>
    </CustomBuild>
    <CustomBuild Include="filtercfg.h">
      <Filter>Header Files</Filter>
    </CustomBuild>
    <CustomBuild Include="ignorelist.h">
      <Filter>Header Files</Filter>
    </CustomBuild>
  </ItemGroup>
</Project>