<?xml version="1.0" encoding="utf-8"?>
<Project ToolsVersion="4.0" xmlns="http://schemas.microsoft.com/developer/msbuild/2003">
  <ItemGroup>
    <Filter Include="Source Files">
      <UniqueIdentifier>{4949e6cc-9ad3-4f8a-befd-851b52c4cf86}</UniqueIdentifier>
      <Extensions>cpp;c;cxx;rc;def;r;odl;idl;hpj;bat</Extensions>
    </Filter>
    <Filter Include="Header Files">
      <UniqueIdentifier>{ad095ecb-7924-40be-a5fd-63b42a15047f}</UniqueIdentifier>
      <Extensions>h;hpp;hxx;hm;inl</Extensions>
    </Filter>
    <Filter Include="Resource Files">
      <UniqueIdentifier>{b8bf34b8-166b-4dbb-8e02-693ccb4f93c9}</UniqueIdentifier>
      <Extensions>ico;cur;bmp;dlg;rc2;rct;bin;rgs;gif;jpg;jpeg;jpe</Extensions>
    </Filter>
    <Filter Include="Interfaces">
      <UniqueIdentifier>{a0e1d01a-2797-4d27-bbf0-58944d1b2af3}</UniqueIdentifier>
      <Extensions>ui</Extensions>
    </Filter>
  </ItemGroup>
  <ItemGroup>
    <ClCompile Include="gsm_ta.cpp">
      <Filter>Source Files</Filter>
    </ClCompile>
    <ClCompile Include="moc_gsm_ta.cpp">
      <Filter>Source Files</Filter>
    </ClCompile>
    <ClCompile Include="moc_serial.cpp">
      <Filter>Source Files</Filter>
    </ClCompile>
    <ClCompile Include="moc_sms.cpp">
      <Filter>Source Files</Filter>
    </ClCompile>
    <ClCompile Include="moc_smssetup.cpp">
      <Filter>Source Files</Filter>
    </ClCompile>
    <ClCompile Include="serial.cpp">
      <Filter>Source Files</Filter>
    </ClCompile>
    <ClCompile Include="sms.cpp">
      <Filter>Source Files</Filter>
    </ClCompile>
    <ClCompile Include="smssetup.cpp">
      <Filter>Source Files</Filter>
    </ClCompile>
  </ItemGroup>
  <ItemGroup>
    <ClInclude Include="ui_smssetupbase.h">
      <Filter>Header Files</Filter>
    </ClInclude>
  </ItemGroup>
  <ItemGroup>
    <ResourceCompile Include="sms.rc">
      <Filter>Resource Files</Filter>
    </ResourceCompile>
  </ItemGroup>
  <ItemGroup>
    <Uic Include="smssetupbase.ui">
      <Filter>Interfaces</Filter>
    </Uic>
  </ItemGroup>
  <ItemGroup>
    <CustomBuild Include="gsm_ta.h">
      <Filter>Header Files</Filter>
    </CustomBuild>
    <CustomBuild Include="serial.h">
      <Filter>Header Files</Filter>
    </CustomBuild>
    <CustomBuild Include="sms.h">
      <Filter>Header Files</Filter>
    </CustomBuild>
    <CustomBuild Include="smssetup.h">
      <Filter>Header Files</Filter>
    </CustomBuild>
  </ItemGroup>
</Project>