<?xml version="1.0" encoding="utf-8"?>
<Project ToolsVersion="4.0" xmlns="http://schemas.microsoft.com/developer/msbuild/2003">
  <ItemGroup>
    <Filter Include="Source Files">
      <UniqueIdentifier>{0c7eb8dd-1434-4146-abdd-ce547cb78034}</UniqueIdentifier>
      <Extensions>cpp;c;cxx;rc;def;r;odl;idl;hpj;bat</Extensions>
    </Filter>
    <Filter Include="Header Files">
      <UniqueIdentifier>{525acdc9-ede2-452d-971f-18b1ac0efcc2}</UniqueIdentifier>
      <Extensions>h;hpp;hxx;hm;inl</Extensions>
    </Filter>
    <Filter Include="Interfaces">
      <UniqueIdentifier>{48fec783-a143-4707-9a6b-9529dbb70831}</UniqueIdentifier>
      <Extensions>ui</Extensions>
    </Filter>
    <Filter Include="Resource Files">
      <UniqueIdentifier>{3b85e900-b1a0-4a95-b387-b30196a31f44}</UniqueIdentifier>
    </Filter>
  </ItemGroup>
  <ItemGroup>
    <ClCompile Include="gpg.cpp">
      <Filter>Source Files</Filter>
    </ClCompile>
    <ClCompile Include="gpgadv.cpp">
      <Filter>Source Files</Filter>
    </ClCompile>
    <ClCompile Include="gpgcfg.cpp">
      <Filter>Source Files</Filter>
    </ClCompile>
    <ClCompile Include="gpgfind.cpp">
      <Filter>Source Files</Filter>
    </ClCompile>
    <ClCompile Include="gpggen.cpp">
      <Filter>Source Files</Filter>
    </ClCompile>
    <ClCompile Include="gpguser.cpp">
      <Filter>Source Files</Filter>
    </ClCompile>
    <ClCompile Include="moc_gpg.cpp">
      <Filter>Source Files</Filter>
    </ClCompile>
    <ClCompile Include="moc_gpgadv.cpp">
      <Filter>Source Files</Filter>
    </ClCompile>
    <ClCompile Include="moc_gpgcfg.cpp">
      <Filter>Source Files</Filter>
    </ClCompile>
    <ClCompile Include="moc_gpgfind.cpp">
      <Filter>Source Files</Filter>
    </ClCompile>
    <ClCompile Include="moc_gpggen.cpp">
      <Filter>Source Files</Filter>
    </ClCompile>
    <ClCompile Include="moc_gpguser.cpp">
      <Filter>Source Files</Filter>
    </ClCompile>
    <ClCompile Include="moc_passphrase.cpp">
      <Filter>Source Files</Filter>
    </ClCompile>
    <ClCompile Include="passphrase.cpp">
      <Filter>Source Files</Filter>
    </ClCompile>
    <ClCompile Include="gpg_pch.h">
      <Filter>Header Files</Filter>
    </ClCompile>
  </ItemGroup>
  <ItemGroup>
    <Uic Include="gpgadvbase.ui">
      <Filter>Interfaces</Filter>
    </Uic>
    <Uic Include="gpgcfgbase.ui">
      <Filter>Interfaces</Filter>
    </Uic>
    <Uic Include="gpgfindbase.ui">
      <Filter>Interfaces</Filter>
    </Uic>
    <Uic Include="gpggenbase.ui">
      <Filter>Interfaces</Filter>
    </Uic>
    <Uic Include="gpguserbase.ui">
      <Filter>Interfaces</Filter>
    </Uic>
    <Uic Include="passphrasebase.ui">
      <Filter>Interfaces</Filter>
    </Uic>
  </ItemGroup>
  <ItemGroup>
    <ResourceCompile Include="gpg.rc">
      <Filter>Resource Files</Filter>
    </ResourceCompile>
  </ItemGroup>
  <ItemGroup>
    <CustomBuild Include="gpg.h">
      <Filter>Header Files</Filter>
    </CustomBuild>
    <CustomBuild Include="gpgadv.h">
      <Filter>Header Files</Filter>
    </CustomBuild>
    <CustomBuild Include="gpgcfg.h">
      <Filter>Header Files</Filter>
    </CustomBuild>
    <CustomBuild Include="gpgfind.h">
      <Filter>Header Files</Filter>
    </CustomBuild>
    <CustomBuild Include="gpggen.h">
      <Filter>Header Files</Filter>
    </CustomBuild>
    <CustomBuild Include="gpguser.h">
      <Filter>Header Files</Filter>
    </CustomBuild>
    <CustomBuild Include="passphrase.h">
      <Filter>Header Files</Filter>
    </CustomBuild>
  </ItemGroup>
</Project>