<?xml version="1.0" encoding="utf-8"?>
<Project ToolsVersion="4.0" xmlns="http://schemas.microsoft.com/developer/msbuild/2003">
  <ItemGroup>
    <Filter Include="Source Files">
      <UniqueIdentifier>{e8630fe6-148f-4dcc-a3eb-d5e0cb3d502f}</UniqueIdentifier>
      <Extensions>cpp;c;cxx;rc;def;r;odl;idl;hpj;bat</Extensions>
    </Filter>
    <Filter Include="Header Files">
      <UniqueIdentifier>{dcfcb099-aaee-4c68-ab0f-5439789b66cd}</UniqueIdentifier>
      <Extensions>h;hpp;hxx;hm;inl</Extensions>
    </Filter>
    <Filter Include="Resource Files">
      <UniqueIdentifier>{3871cecd-683d-4617-b950-12c6c3f245b3}</UniqueIdentifier>
      <Extensions>ico;cur;bmp;dlg;rc2;rct;bin;rgs;gif;jpg;jpeg;jpe</Extensions>
    </Filter>
    <Filter Include="Interfaces">
      <UniqueIdentifier>{87bebe6a-84c7-450a-94cd-e1cf0729efb4}</UniqueIdentifier>
      <Extensions>ui</Extensions>
    </Filter>
  </ItemGroup>
  <ItemGroup>
    <ClCompile Include="moc_transparent.cpp">
      <Filter>Source Files</Filter>
    </ClCompile>
    <ClCompile Include="moc_transparentcfg.cpp">
      <Filter>Source Files</Filter>
    </ClCompile>
    <ClCompile Include="transparent.cpp">
      <Filter>Source Files</Filter>
    </ClCompile>
    <ClCompile Include="transparentcfg.cpp">
      <Filter>Source Files</Filter>
    </ClCompile>
  </ItemGroup>
  <ItemGroup>
    <ClInclude Include="ui_transparentcfgbase.h">
      <Filter>Header Files</Filter>
    </ClInclude>
  </ItemGroup>
  <ItemGroup>
    <ResourceCompile Include="transparent.rc">
      <Filter>Resource Files</Filter>
    </ResourceCompile>
  </ItemGroup>
  <ItemGroup>
    <Uic Include="transparentcfgbase.ui">
      <Filter>Interfaces</Filter>
    </Uic>
  </ItemGroup>
  <ItemGroup>
    <CustomBuild Include="transparent.h">
      <Filter>Header Files</Filter>
    </CustomBuild>
    <CustomBuild Include="transparentcfg.h">
      <Filter>Header Files</Filter>
    </CustomBuild>
  </ItemGroup>
</Project>