<?xml version="1.0" encoding="utf-8"?>
<Project ToolsVersion="4.0" xmlns="http://schemas.microsoft.com/developer/msbuild/2003">
  <ItemGroup>
    <Filter Include="Source Files">
      <UniqueIdentifier>{588e7c2b-8b4c-4919-b752-2e905ddd90b5}</UniqueIdentifier>
      <Extensions>cpp;c;cxx;rc;def;r;odl;idl;hpj;bat</Extensions>
    </Filter>
    <Filter Include="Header Files">
      <UniqueIdentifier>{03b90668-6f8f-4a3c-8a1f-70e40c8989e9}</UniqueIdentifier>
      <Extensions>h;hpp;hxx;hm;inl</Extensions>
    </Filter>
    <Filter Include="Header Files\generated">
      <UniqueIdentifier>{6d68c265-b090-42e1-ad93-365326bbf8c9}</UniqueIdentifier>
    </Filter>
    <Filter Include="Resource Files">
      <UniqueIdentifier>{98888ca4-accc-4f96-a4a0-b0db31ba2c0e}</UniqueIdentifier>
      <Extensions>ico;cur;bmp;dlg;rc2;rct;bin;rgs;gif;jpg;jpeg;jpe</Extensions>
    </Filter>
    <Filter Include="Interfaces">
      <UniqueIdentifier>{8677d80d-cd06-4285-b29f-2f011256682d}</UniqueIdentifier>
      <Extensions>ui</Extensions>
    </Filter>
  </ItemGroup>
  <ItemGroup>
    <ClCompile Include="fontconfig.cpp">
      <Filter>Source Files</Filter>
    </ClCompile>
    <ClCompile Include="moc_fontconfig.cpp">
      <Filter>Source Files</Filter>
    </ClCompile>
    <ClCompile Include="moc_stylescfg.cpp">
      <Filter>Source Files</Filter>
    </ClCompile>
    <ClCompile Include="styles.cpp">
      <Filter>Source Files</Filter>
    </ClCompile>
    <ClCompile Include="stylescfg.cpp">
      <Filter>Source Files</Filter>
    </ClCompile>
  </ItemGroup>
  <ItemGroup>
    <ClInclude Include="styles.h">
      <Filter>Header Files</Filter>
    </ClInclude>
    <ClInclude Include="ui_fontconfigbase.h">
      <Filter>Header Files\generated</Filter>
    </ClInclude>
    <ClInclude Include="ui_stylescfgbase.h">
      <Filter>Header Files\generated</Filter>
    </ClInclude>
  </ItemGroup>
  <ItemGroup>
    <ResourceCompile Include="styles.rc">
      <Filter>Resource Files</Filter>
    </ResourceCompile>
  </ItemGroup>
  <ItemGroup>
    <Uic Include="fontconfigbase.ui">
      <Filter>Interfaces</Filter>
    </Uic>
    <Uic Include="stylescfgbase.ui">
      <Filter>Interfaces</Filter>
    </Uic>
  </ItemGroup>
  <ItemGroup>
    <CustomBuild Include="fontconfig.h">
      <Filter>Header Files</Filter>
    </CustomBuild>
    <CustomBuild Include="stylescfg.h">
      <Filter>Header Files</Filter>
    </CustomBuild>
  </ItemGroup>
</Project>