<?xml version="1.0" encoding="utf-8"?>
<Project ToolsVersion="4.0" xmlns="http://schemas.microsoft.com/developer/msbuild/2003">
  <ItemGroup>
    <Filter Include="Source Files">
      <UniqueIdentifier>{91170c0a-e864-4671-84f8-3b0aad210e7c}</UniqueIdentifier>
      <Extensions>cpp;c;cxx;rc;def;r;odl;idl;hpj;bat</Extensions>
    </Filter>
    <Filter Include="Header Files">
      <UniqueIdentifier>{f85134cf-fb80-46f3-b731-be80b5e5a331}</UniqueIdentifier>
      <Extensions>h;hpp;hxx;hm;inl</Extensions>
    </Filter>
  </ItemGroup>
  <ItemGroup>
    <ClCompile Include="moc_monitor.cpp">
      <Filter>Source Files</Filter>
    </ClCompile>
    <ClCompile Include="moc_netmonitor.cpp">
      <Filter>Source Files</Filter>
    </ClCompile>
    <ClCompile Include="monitor.cpp">
      <Filter>Source Files</Filter>
    </ClCompile>
    <ClCompile Include="netmonitor.cpp">
      <Filter>Source Files</Filter>
    </ClCompile>
  </ItemGroup>
  <ItemGroup>
    <CustomBuild Include="monitor.h">
      <Filter>Header Files</Filter>
    </CustomBuild>
    <CustomBuild Include="netmonitor.h">
      <Filter>Header Files</Filter>
    </CustomBuild>
  </ItemGroup>
</Project>