<?xml version="1.0" encoding="utf-8"?>
<Project ToolsVersion="4.0" xmlns="http://schemas.microsoft.com/developer/msbuild/2003">
  <ItemGroup>
    <Filter Include="Source Files">
      <UniqueIdentifier>{7a660192-4328-4120-93b9-5d6d072863ea}</UniqueIdentifier>
      <Extensions>cpp;c;cxx;rc;def;r;odl;idl;hpj;bat</Extensions>
    </Filter>
    <Filter Include="Header Files">
      <UniqueIdentifier>{2f8e72df-f841-419b-a50a-e637a989912d}</UniqueIdentifier>
      <Extensions>h;hpp;hxx;hm;inl</Extensions>
    </Filter>
    <Filter Include="Resource Files">
      <UniqueIdentifier>{a6ce4f79-3b3e-4788-bf73-47274212aaeb}</UniqueIdentifier>
      <Extensions>ico;cur;bmp;dlg;rc2;rct;bin;rgs;gif;jpg;jpeg;jpe</Extensions>
    </Filter>
    <Filter Include="Interfaces">
      <UniqueIdentifier>{a316753e-fa76-431d-98e3-4bf28398776a}</UniqueIdentifier>
      <Extensions>ui</Extensions>
    </Filter>
  </ItemGroup>
  <ItemGroup>
    <ClCompile Include="migrate.cpp">
      <Filter>Source Files</Filter>
    </ClCompile>
    <ClCompile Include="migratedlg.cpp">
      <Filter>Source Files</Filter>
    </ClCompile>
    <ClCompile Include="moc_migrate.cpp">
      <Filter>Source Files</Filter>
    </ClCompile>
    <ClCompile Include="moc_migratedlg.cpp">
      <Filter>Source Files</Filter>
    </ClCompile>
  </ItemGroup>
  <ItemGroup>
    <ResourceCompile Include="migrate.rc">
      <Filter>Resource Files</Filter>
    </ResourceCompile>
  </ItemGroup>
  <ItemGroup>
    <Uic Include="migratedlgbase.ui">
      <Filter>Interfaces</Filter>
    </Uic>
  </ItemGroup>
  <ItemGroup>
    <CustomBuild Include="migrate.h">
      <Filter>Header Files</Filter>
    </CustomBuild>
    <CustomBuild Include="migratedlg.h">
      <Filter>Header Files</Filter>
    </CustomBuild>
    <CustomBuild Include="ui_migratedlgbase.h">
      <Filter>Header Files</Filter>
    </CustomBuild>
  </ItemGroup>
</Project>