<?xml version="1.0" encoding="utf-8"?>
<Project ToolsVersion="4.0" xmlns="http://schemas.microsoft.com/developer/msbuild/2003">
  <ItemGroup>
    <Filter Include="Source Files">
      <UniqueIdentifier>{15a1ea4f-a38e-4114-aff7-7406c5bd082c}</UniqueIdentifier>
      <Extensions>cpp;c;cxx;rc;def;r;odl;idl;hpj;bat</Extensions>
    </Filter>
    <Filter Include="Header Files">
      <UniqueIdentifier>{3b603919-e85f-406e-9c62-f08f3b369820}</UniqueIdentifier>
      <Extensions>h;hpp;hxx;hm;inl</Extensions>
    </Filter>
    <Filter Include="Resource Files">
      <UniqueIdentifier>{c1a6cd51-30e1-496b-a2a2-0d1e950187f0}</UniqueIdentifier>
      <Extensions>ico;cur;bmp;dlg;rc2;rct;bin;rgs;gif;jpg;jpeg;jpe</Extensions>
    </Filter>
    <Filter Include="Interfaces">
      <UniqueIdentifier>{e532f8f8-66d2-441e-88a2-c1a83acda8e1}</UniqueIdentifier>
      <Extensions>ui</Extensions>
    </Filter>
  </ItemGroup>
  <ItemGroup>
    <ClCompile Include="moc_mousecfg.cpp">
      <Filter>Source Files</Filter>
    </ClCompile>
    <ClCompile Include="moc_shortcutcfg.cpp">
      <Filter>Source Files</Filter>
    </ClCompile>
    <ClCompile Include="moc_shortcuts.cpp">
      <Filter>Source Files</Filter>
    </ClCompile>
    <ClCompile Include="mousecfg.cpp">
      <Filter>Source Files</Filter>
    </ClCompile>
    <ClCompile Include="shortcutcfg.cpp">
      <Filter>Source Files</Filter>
    </ClCompile>
    <ClCompile Include="shortcuts.cpp">
      <Filter>Source Files</Filter>
    </ClCompile>
  </ItemGroup>
  <ItemGroup>
    <ClInclude Include="ui_mousecfgbase.h">
      <Filter>Header Files</Filter>
    </ClInclude>
    <ClInclude Include="ui_shortcutcfgbase.h">
      <Filter>Header Files</Filter>
    </ClInclude>
  </ItemGroup>
  <ItemGroup>
    <ResourceCompile Include="shortcuts.rc">
      <Filter>Resource Files</Filter>
    </ResourceCompile>
  </ItemGroup>
  <ItemGroup>
    <Uic Include="mousecfgbase.ui">
      <Filter>Interfaces</Filter>
    </Uic>
    <Uic Include="shortcutcfgbase.ui">
      <Filter>Interfaces</Filter>
    </Uic>
  </ItemGroup>
  <ItemGroup>
    <CustomBuild Include="mousecfg.h">
      <Filter>Header Files</Filter>
    </CustomBuild>
    <CustomBuild Include="shortcutcfg.h">
      <Filter>Header Files</Filter>
    </CustomBuild>
    <CustomBuild Include="shortcuts.h">
      <Filter>Header Files</Filter>
    </CustomBuild>
  </ItemGroup>
</Project>