<?xml version="1.0" encoding="utf-8"?>
<Project ToolsVersion="4.0" xmlns="http://schemas.microsoft.com/developer/msbuild/2003">
  <ItemGroup>
    <Filter Include="Source Files">
      <UniqueIdentifier>{903844ce-a67c-4934-8b8f-d00b5d6f9323}</UniqueIdentifier>
      <Extensions>cpp;c;cxx;rc;def;r;odl;idl;hpj;bat</Extensions>
    </Filter>
    <Filter Include="Header Files">
      <UniqueIdentifier>{7262018f-4bf4-4cb7-8708-7846bb282e03}</UniqueIdentifier>
      <Extensions>h;hpp;hxx;hm;inl</Extensions>
    </Filter>
    <Filter Include="Resource Files">
      <UniqueIdentifier>{e5f38f07-50a3-45d0-a466-b3da2f46ddc8}</UniqueIdentifier>
      <Extensions>ico;cur;bmp;dlg;rc2;rct;bin;rgs;gif;jpg;jpeg;jpe</Extensions>
    </Filter>
    <Filter Include="Interfaces">
      <UniqueIdentifier>{b0541f49-480e-4b34-aa98-7138d4507174}</UniqueIdentifier>
      <Extensions>ui</Extensions>
    </Filter>
  </ItemGroup>
  <ItemGroup>
    <ClCompile Include="moc_spell.cpp">
      <Filter>Source Files</Filter>
    </ClCompile>
    <ClCompile Include="moc_spellcfg.cpp">
      <Filter>Source Files</Filter>
    </ClCompile>
    <ClCompile Include="moc_spellfind.cpp">
      <Filter>Source Files</Filter>
    </ClCompile>
    <ClCompile Include="moc_spellhighlight.cpp">
      <Filter>Source Files</Filter>
    </ClCompile>
    <ClCompile Include="spell.cpp">
      <Filter>Source Files</Filter>
    </ClCompile>
    <ClCompile Include="spellcfg.cpp">
      <Filter>Source Files</Filter>
    </ClCompile>
    <ClCompile Include="speller.cpp">
      <Filter>Source Files</Filter>
    </ClCompile>
    <ClCompile Include="spellfind.cpp">
      <Filter>Source Files</Filter>
    </ClCompile>
    <ClCompile Include="spellhighlight.cpp">
      <Filter>Source Files</Filter>
    </ClCompile>
  </ItemGroup>
  <ItemGroup>
    <ClInclude Include="speller.h">
      <Filter>Header Files</Filter>
    </ClInclude>
    <ClInclude Include="ui_spellcfgbase.h">
      <Filter>Header Files</Filter>
    </ClInclude>
    <ClInclude Include="ui_spellfindbase.h">
      <Filter>Header Files</Filter>
    </ClInclude>
  </ItemGroup>
  <ItemGroup>
    <ResourceCompile Include="spell.rc">
      <Filter>Resource Files</Filter>
    </ResourceCompile>
  </ItemGroup>
  <ItemGroup>
    <Uic Include="spellcfgbase.ui">
      <Filter>Interfaces</Filter>
    </Uic>
    <Uic Include="spellfindbase.ui">
      <Filter>Interfaces</Filter>
    </Uic>
  </ItemGroup>
  <ItemGroup>
    <CustomBuild Include="spell.h">
      <Filter>Header Files</Filter>
    </CustomBuild>
    <CustomBuild Include="spellcfg.h">
      <Filter>Header Files</Filter>
    </CustomBuild>
    <CustomBuild Include="spellfind.h">
      <Filter>Header Files</Filter>
    </CustomBuild>
    <CustomBuild Include="spellhighlight.h">
      <Filter>Header Files</Filter>
    </CustomBuild>
  </ItemGroup>
</Project>