<?xml version="1.0" encoding="utf-8"?>
<Project ToolsVersion="4.0" xmlns="http://schemas.microsoft.com/developer/msbuild/2003">
  <ItemGroup>
    <Filter Include="Source Files">
      <UniqueIdentifier>{86963f93-2e2f-4cc5-95d1-d955e0050f19}</UniqueIdentifier>
      <Extensions>cpp;c;cxx;rc;def;r;odl;idl;hpj;bat</Extensions>
    </Filter>
    <Filter Include="Header Files">
      <UniqueIdentifier>{f747a7d5-c622-433d-a254-504247e210e4}</UniqueIdentifier>
      <Extensions>h;hpp;hxx;hm;inl</Extensions>
    </Filter>
    <Filter Include="Resource Files">
      <UniqueIdentifier>{4a98674a-0543-4046-a04b-cfeea8274851}</UniqueIdentifier>
      <Extensions>ico;cur;bmp;dlg;rc2;rct;bin;rgs;gif;jpg;jpeg;jpe</Extensions>
    </Filter>
    <Filter Include="Interfaces">
      <UniqueIdentifier>{15eee718-f46e-41be-a938-a8983c12399e}</UniqueIdentifier>
      <Extensions>ui</Extensions>
    </Filter>
  </ItemGroup>
  <ItemGroup>
    <ClCompile Include="action.cpp">
      <Filter>Source Files</Filter>
    </ClCompile>
    <ClCompile Include="actioncfg.cpp">
      <Filter>Source Files</Filter>
    </ClCompile>
    <ClCompile Include="additem.cpp">
      <Filter>Source Files</Filter>
    </ClCompile>
    <ClCompile Include="menucfg.cpp">
      <Filter>Source Files</Filter>
    </ClCompile>
    <ClCompile Include="moc_action.cpp">
      <Filter>Source Files</Filter>
    </ClCompile>
    <ClCompile Include="moc_actioncfg.cpp">
      <Filter>Source Files</Filter>
    </ClCompile>
    <ClCompile Include="moc_additem.cpp">
      <Filter>Source Files</Filter>
    </ClCompile>
    <ClCompile Include="moc_menucfg.cpp">
      <Filter>Source Files</Filter>
    </ClCompile>
  </ItemGroup>
  <ItemGroup>
    <ClInclude Include="ui_actioncfgbase.h">
      <Filter>Header Files</Filter>
    </ClInclude>
    <ClInclude Include="ui_additembase.h">
      <Filter>Header Files</Filter>
    </ClInclude>
    <ClInclude Include="ui_menucfgbase.h">
      <Filter>Header Files</Filter>
    </ClInclude>
  </ItemGroup>
  <ItemGroup>
    <ResourceCompile Include="action.rc">
      <Filter>Resource Files</Filter>
    </ResourceCompile>
  </ItemGroup>
  <ItemGroup>
    <Uic Include="actioncfgbase.ui">
      <Filter>Interfaces</Filter>
    </Uic>
    <Uic Include="additembase.ui">
      <Filter>Interfaces</Filter>
    </Uic>
    <Uic Include="menucfgbase.ui">
      <Filter>Interfaces</Filter>
    </Uic>
  </ItemGroup>
  <ItemGroup>
    <CustomBuild Include="action.h">
      <Filter>Header Files</Filter>
    </CustomBuild>
    <CustomBuild Include="actioncfg.h">
      <Filter>Header Files</Filter>
    </CustomBuild>
    <CustomBuild Include="additem.h">
      <Filter>Header Files</Filter>
    </CustomBuild>
    <CustomBuild Include="menucfg.h">
      <Filter>Header Files</Filter>
    </CustomBuild>
  </ItemGroup>
</Project>