<?xml version="1.0" encoding="utf-8"?>
<Project ToolsVersion="4.0" xmlns="http://schemas.microsoft.com/developer/msbuild/2003">
  <ItemGroup>
    <Filter Include="Source Files">
      <UniqueIdentifier>{fc34dfa5-d50a-434a-9a7c-90962e09187d}</UniqueIdentifier>
      <Extensions>cpp;c;cxx;rc;def;r;odl;idl;hpj;bat</Extensions>
    </Filter>
    <Filter Include="Header Files">
      <UniqueIdentifier>{9479e2fb-b2e8-4333-98c8-6b91a7ffc235}</UniqueIdentifier>
      <Extensions>h;hpp;hxx;hm;inl</Extensions>
    </Filter>
    <Filter Include="Resource Files">
      <UniqueIdentifier>{cecc261d-fcfb-4eec-b020-f5baeef234d7}</UniqueIdentifier>
      <Extensions>ico;cur;bmp;dlg;rc2;rct;bin;rgs;gif;jpg;jpeg;jpe</Extensions>
    </Filter>
  </ItemGroup>
  <ItemGroup>
    <ClCompile Include="SIM_ext.cpp">
      <Filter>Source Files</Filter>
    </ClCompile>
    <ClCompile Include="simext.cpp">
      <Filter>Source Files</Filter>
    </ClCompile>
  </ItemGroup>
  <ItemGroup>
    <None Include="simext.def">
      <Filter>Source Files</Filter>
    </None>
    <None Include="SIM_ext.rgs">
      <Filter>Resource Files</Filter>
    </None>
  </ItemGroup>
  <ItemGroup>
    <Midl Include="simext.idl">
      <Filter>Source Files</Filter>
    </Midl>
  </ItemGroup>
  <ItemGroup>
    <ResourceCompile Include="simext.rc">
      <Filter>Source Files</Filter>
    </ResourceCompile>
  </ItemGroup>
  <ItemGroup>
    <ClInclude Include="IContextMenuImpl.h">
      <Filter>Header Files</Filter>
    </ClInclude>
    <ClInclude Include="IShellExtInitImpl.h">
      <Filter>Header Files</Filter>
    </ClInclude>
    <ClInclude Include="SIM_ext.h">
      <Filter>Header Files</Filter>
    </ClInclude>
  </ItemGroup>
</Project>